
Microsoft Visual Studio Solution File, Format Version 12.00
# Visual Studio Version 17
VisualStudioVersion = 17.0.31903.59
MinimumVisualStudioVersion = 10.0.40219.1
Project("{FAE04EC0-301F-11D3-BF4B-00C04F79EFBC}") = "DynamicApiServer", "DynamicApiServer\DynamicApiServer.csproj", "{8D53EEEE-DF5B-4375-A857-E9CAAED49540}"
EndProject
Project("{FAE04EC0-301F-11D3-BF4B-00C04F79EFBC}") = "DynamicApiServer.Tests.Integration", "DynamicApiServer.Tests.Integration\DynamicApiServer.Tests.Integration.csproj", "{6BF16ABE-CEF8-445D-B348-D75833829397}"
EndProject
Project("{FAE04EC0-301F-11D3-BF4B-00C04F79EFBC}") = "DynamicApi.Contracts", "DynamicApi.Contracts\DynamicApi.Contracts.csproj", "{4BAB51AD-9C8E-43EF-A8EC-5C1BDD6A437A}"
EndProject
Project("{FAE04EC0-301F-11D3-BF4B-00C04F79EFBC}") = "DynamicApi.Configuration", "DynamicApi.Configuration\DynamicApi.Configuration.csproj", "{EE0806AC-05B8-4295-8C56-E03E8D431698}"
EndProject
Project("{2150E333-8FDC-42A3-9474-1A3956D46DE8}") = "Utilities", "Utilities", "{B72EDB17-25B7-4CBC-A66D-A4DB6D8A7C84}"
EndProject
Project("{FAE04EC0-301F-11D3-BF4B-00C04F79EFBC}") = "DynamicApi.Utilities.Files", "Utilities\Files\DynamicApi.Utilities.Files.csproj", "{E35D8253-61C3-4D9C-8470-56AA3A8817CC}"
EndProject
Project("{FAE04EC0-301F-11D3-BF4B-00C04F79EFBC}") = "Process", "Utilities\Process\Process.csproj", "{79C91703-CCD7-4DF9-81DE-AF4DFE67445D}"
EndProject
Project("{FAE04EC0-301F-11D3-BF4B-00C04F79EFBC}") = "DynamicApi.Endpoints.Model", "DynamicApi.Endpoints.Model\DynamicApi.Endpoints.Model.csproj", "{E6D8E651-806E-40A2-A791-30C4C4475DDD}"
EndProject
Project("{FAE04EC0-301F-11D3-BF4B-00C04F79EFBC}") = "DynamicApi.Endpoints.Executors.Model", "DynamicApi.Endpoints.Executors.Model\DynamicApi.Endpoints.Executors.Model.csproj", "{A6B20D2D-AEF7-4C0B-9BF7-AF7CA8A33C6E}"
EndProject
Project("{FAE04EC0-301F-11D3-BF4B-00C04F79EFBC}") = "DynamicApi.WorkingDirectory", "DynamicApi.WorkingDirectory\DynamicApi.WorkingDirectory.csproj", "{3146F4E8-CB24-4E9D-8342-6DAFEC38A088}"
EndProject
Project("{FAE04EC0-301F-11D3-BF4B-00C04F79EFBC}") = "GenerateOpenAPISpec", "GenerateOpenAPISpec\GenerateOpenAPISpec.csproj", "{7F9D45FA-274C-439A-BDD7-D433CBE983A9}"
EndProject
Project("{FAE04EC0-301F-11D3-BF4B-00C04F79EFBC}") = "RunBashCommandEndpoint", "endpoints\run-bash-command\RunBashCommandEndpoint\RunBashCommandEndpoint.csproj", "{61303A81-CC12-4584-B64C-334425E654F3}"
EndProject
Project("{2150E333-8FDC-42A3-9474-1A3956D46DE8}") = "Endpoints", "Endpoints", "{81306D04-3802-411A-B3E1-C2D35CF50F58}"
EndProject
Project("{FAE04EC0-301F-11D3-BF4B-00C04F79EFBC}") = "HelloWorldLibrary", "endpoints\csharp-hello-world\HelloWorldLibrary\HelloWorldLibrary.csproj", "{3E86BFDA-C105-4FC5-8BBB-FFD9FA4A1A6D}"
EndProject
Project("{FAE04EC0-301F-11D3-BF4B-00C04F79EFBC}") = "DirectoryListEndpoint", "endpoints\directory-list\DirectoryListEndpoint\DirectoryListEndpoint.csproj", "{AE52B8A3-596E-4C0D-B7F2-A639ED2C8F29}"
EndProject
Project("{FAE04EC0-301F-11D3-BF4B-00C04F79EFBC}") = "FileCreateEndpoint", "endpoints\file-create\FileCreateEndpoint\FileCreateEndpoint.csproj", "{65D59A7D-5D89-4AC7-98E6-757D6860E416}"
EndProject
Global
	GlobalSection(SolutionConfigurationPlatforms) = preSolution
		Debug|Any CPU = Debug|Any CPU
		Release|Any CPU = Release|Any CPU
	EndGlobalSection
	GlobalSection(SolutionProperties) = preSolution
		HideSolutionNode = FALSE
	EndGlobalSection
	GlobalSection(ProjectConfigurationPlatforms) = postSolution
		{8D53EEEE-DF5B-4375-A857-E9CAAED49540}.Debug|Any CPU.ActiveCfg = Debug|Any CPU
		{8D53EEEE-DF5B-4375-A857-E9CAAED49540}.Debug|Any CPU.Build.0 = Debug|Any CPU
		{8D53EEEE-DF5B-4375-A857-E9CAAED49540}.Release|Any CPU.ActiveCfg = Release|Any CPU
		{8D53EEEE-DF5B-4375-A857-E9CAAED49540}.Release|Any CPU.Build.0 = Release|Any CPU
		{6BF16ABE-CEF8-445D-B348-D75833829397}.Debug|Any CPU.ActiveCfg = Debug|Any CPU
		{6BF16ABE-CEF8-445D-B348-D75833829397}.Debug|Any CPU.Build.0 = Debug|Any CPU
		{6BF16ABE-CEF8-445D-B348-D75833829397}.Release|Any CPU.ActiveCfg = Release|Any CPU
		{6BF16ABE-CEF8-445D-B348-D75833829397}.Release|Any CPU.Build.0 = Release|Any CPU
		{4BAB51AD-9C8E-43EF-A8EC-5C1BDD6A437A}.Debug|Any CPU.ActiveCfg = Debug|Any CPU
		{4BAB51AD-9C8E-43EF-A8EC-5C1BDD6A437A}.Debug|Any CPU.Build.0 = Debug|Any CPU
		{4BAB51AD-9C8E-43EF-A8EC-5C1BDD6A437A}.Release|Any CPU.ActiveCfg = Release|Any CPU
		{4BAB51AD-9C8E-43EF-A8EC-5C1BDD6A437A}.Release|Any CPU.Build.0 = Release|Any CPU
		{EE0806AC-05B8-4295-8C56-E03E8D431698}.Debug|Any CPU.ActiveCfg = Debug|Any CPU
		{EE0806AC-05B8-4295-8C56-E03E8D431698}.Debug|Any CPU.Build.0 = Debug|Any CPU
		{EE0806AC-05B8-4295-8C56-E03E8D431698}.Release|Any CPU.ActiveCfg = Release|Any CPU
		{EE0806AC-05B8-4295-8C56-E03E8D431698}.Release|Any CPU.Build.0 = Release|Any CPU
		{E35D8253-61C3-4D9C-8470-56AA3A8817CC}.Debug|Any CPU.ActiveCfg = Debug|Any CPU
		{E35D8253-61C3-4D9C-8470-56AA3A8817CC}.Debug|Any CPU.Build.0 = Debug|Any CPU
		{E35D8253-61C3-4D9C-8470-56AA3A8817CC}.Release|Any CPU.ActiveCfg = Release|Any CPU
		{E35D8253-61C3-4D9C-8470-56AA3A8817CC}.Release|Any CPU.Build.0 = Release|Any CPU
		{79C91703-CCD7-4DF9-81DE-AF4DFE67445D}.Debug|Any CPU.ActiveCfg = Debug|Any CPU
		{79C91703-CCD7-4DF9-81DE-AF4DFE67445D}.Debug|Any CPU.Build.0 = Debug|Any CPU
		{79C91703-CCD7-4DF9-81DE-AF4DFE67445D}.Release|Any CPU.ActiveCfg = Release|Any CPU
		{79C91703-CCD7-4DF9-81DE-AF4DFE67445D}.Release|Any CPU.Build.0 = Release|Any CPU
		{EF0E455F-7516-4E00-9A94-437C7E54E633}.Debug|Any CPU.ActiveCfg = Debug|Any CPU
		{EF0E455F-7516-4E00-9A94-437C7E54E633}.Debug|Any CPU.Build.0 = Debug|Any CPU
		{EF0E455F-7516-4E00-9A94-437C7E54E633}.Release|Any CPU.ActiveCfg = Release|Any CPU
		{EF0E455F-7516-4E00-9A94-437C7E54E633}.Release|Any CPU.Build.0 = Release|Any CPU
		{08ACFFD0-56D3-439E-89EB-0928BEF1F0B4}.Debug|Any CPU.ActiveCfg = Debug|Any CPU
		{08ACFFD0-56D3-439E-89EB-0928BEF1F0B4}.Debug|Any CPU.Build.0 = Debug|Any CPU
		{08ACFFD0-56D3-439E-89EB-0928BEF1F0B4}.Release|Any CPU.ActiveCfg = Release|Any CPU
		{08ACFFD0-56D3-439E-89EB-0928BEF1F0B4}.Release|Any CPU.Build.0 = Release|Any CPU
		{D263F931-3162-4F15-B4D7-C6CEF5EC07B4}.Debug|Any CPU.ActiveCfg = Debug|Any CPU
		{D263F931-3162-4F15-B4D7-C6CEF5EC07B4}.Debug|Any CPU.Build.0 = Debug|Any CPU
		{D263F931-3162-4F15-B4D7-C6CEF5EC07B4}.Release|Any CPU.ActiveCfg = Release|Any CPU
		{D263F931-3162-4F15-B4D7-C6CEF5EC07B4}.Release|Any CPU.Build.0 = Release|Any CPU
		{E6D8E651-806E-40A2-A791-30C4C4475DDD}.Debug|Any CPU.ActiveCfg = Debug|Any CPU
		{E6D8E651-806E-40A2-A791-30C4C4475DDD}.Debug|Any CPU.Build.0 = Debug|Any CPU
		{E6D8E651-806E-40A2-A791-30C4C4475DDD}.Release|Any CPU.ActiveCfg = Release|Any CPU
		{E6D8E651-806E-40A2-A791-30C4C4475DDD}.Release|Any CPU.Build.0 = Release|Any CPU
		{A6B20D2D-AEF7-4C0B-9BF7-AF7CA8A33C6E}.Debug|Any CPU.ActiveCfg = Debug|Any CPU
		{A6B20D2D-AEF7-4C0B-9BF7-AF7CA8A33C6E}.Debug|Any CPU.Build.0 = Debug|Any CPU
		{A6B20D2D-AEF7-4C0B-9BF7-AF7CA8A33C6E}.Release|Any CPU.ActiveCfg = Release|Any CPU
		{A6B20D2D-AEF7-4C0B-9BF7-AF7CA8A33C6E}.Release|Any CPU.Build.0 = Release|Any CPU
		{3146F4E8-CB24-4E9D-8342-6DAFEC38A088}.Debug|Any CPU.ActiveCfg = Debug|Any CPU
		{3146F4E8-CB24-4E9D-8342-6DAFEC38A088}.Debug|Any CPU.Build.0 = Debug|Any CPU
		{3146F4E8-CB24-4E9D-8342-6DAFEC38A088}.Release|Any CPU.ActiveCfg = Release|Any CPU
		{3146F4E8-CB24-4E9D-8342-6DAFEC38A088}.Release|Any CPU.Build.0 = Release|Any CPU
		{7F9D45FA-274C-439A-BDD7-D433CBE983A9}.Debug|Any CPU.ActiveCfg = Debug|Any CPU
		{7F9D45FA-274C-439A-BDD7-D433CBE983A9}.Debug|Any CPU.Build.0 = Debug|Any CPU
		{7F9D45FA-274C-439A-BDD7-D433CBE983A9}.Release|Any CPU.ActiveCfg = Release|Any CPU
		{7F9D45FA-274C-439A-BDD7-D433CBE983A9}.Release|Any CPU.Build.0 = Release|Any CPU
		{ACBF82A8-9201-4511-8748-D4EBD36718DE}.Debug|Any CPU.ActiveCfg = Debug|Any CPU
		{ACBF82A8-9201-4511-8748-D4EBD36718DE}.Debug|Any CPU.Build.0 = Debug|Any CPU
		{ACBF82A8-9201-4511-8748-D4EBD36718DE}.Release|Any CPU.ActiveCfg = Release|Any CPU
		{ACBF82A8-9201-4511-8748-D4EBD36718DE}.Release|Any CPU.Build.0 = Release|Any CPU
		{61303A81-CC12-4584-B64C-334425E654F3}.Debug|Any CPU.ActiveCfg = Debug|Any CPU
		{61303A81-CC12-4584-B64C-334425E654F3}.Debug|Any CPU.Build.0 = Debug|Any CPU
		{61303A81-CC12-4584-B64C-334425E654F3}.Release|Any CPU.ActiveCfg = Release|Any CPU
		{61303A81-CC12-4584-B64C-334425E654F3}.Release|Any CPU.Build.0 = Release|Any CPU
		{3E86BFDA-C105-4FC5-8BBB-FFD9FA4A1A6D}.Debug|Any CPU.ActiveCfg = Debug|Any CPU
		{3E86BFDA-C105-4FC5-8BBB-FFD9FA4A1A6D}.Debug|Any CPU.Build.0 = Debug|Any CPU
		{3E86BFDA-C105-4FC5-8BBB-FFD9FA4A1A6D}.Release|Any CPU.ActiveCfg = Release|Any CPU
		{3E86BFDA-C105-4FC5-8BBB-FFD9FA4A1A6D}.Release|Any CPU.Build.0 = Release|Any CPU
		{AE52B8A3-596E-4C0D-B7F2-A639ED2C8F29}.Debug|Any CPU.ActiveCfg = Debug|Any CPU
		{AE52B8A3-596E-4C0D-B7F2-A639ED2C8F29}.Debug|Any CPU.Build.0 = Debug|Any CPU
		{AE52B8A3-596E-4C0D-B7F2-A639ED2C8F29}.Release|Any CPU.ActiveCfg = Release|Any CPU
		{AE52B8A3-596E-4C0D-B7F2-A639ED2C8F29}.Release|Any CPU.Build.0 = Release|Any CPU
		{65D59A7D-5D89-4AC7-98E6-757D6860E416}.Debug|Any CPU.ActiveCfg = Debug|Any CPU
		{65D59A7D-5D89-4AC7-98E6-757D6860E416}.Debug|Any CPU.Build.0 = Debug|Any CPU
		{65D59A7D-5D89-4AC7-98E6-757D6860E416}.Release|Any CPU.ActiveCfg = Release|Any CPU
		{65D59A7D-5D89-4AC7-98E6-757D6860E416}.Release|Any CPU.Build.0 = Release|Any CPU
	EndGlobalSection
	GlobalSection(NestedProjects) = preSolution
		{E35D8253-61C3-4D9C-8470-56AA3A8817CC} = {B72EDB17-25B7-4CBC-A66D-A4DB6D8A7C84}
		{79C91703-CCD7-4DF9-81DE-AF4DFE67445D} = {B72EDB17-25B7-4CBC-A66D-A4DB6D8A7C84}
		{61303A81-CC12-4584-B64C-334425E654F3} = {81306D04-3802-411A-B3E1-C2D35CF50F58}
		{3E86BFDA-C105-4FC5-8BBB-FFD9FA4A1A6D} = {81306D04-3802-411A-B3E1-C2D35CF50F58}
		{AE52B8A3-596E-4C0D-B7F2-A639ED2C8F29} = {81306D04-3802-411A-B3E1-C2D35CF50F58}
		{65D59A7D-5D89-4AC7-98E6-757D6860E416} = {81306D04-3802-411A-B3E1-C2D35CF50F58}
	EndGlobalSection
EndGlobal
